
Microsoft Visual Studio Solution File, Format Version 12.00
# Visual Studio Version 17
VisualStudioVersion = 17.11.35327.3
MinimumVisualStudioVersion = 10.0.40219.1
Project("{8BC9CEB8-8B4A-11D0-8D11-00A0C91BC942}") = "Lab_09_01_A", "Lab_09_01_A\Lab_09_01_A.vcxproj", "{D8E48C4F-C2F9-4954-BC98-9BE33E3B66AB}"
EndProject
Project("{8BC9CEB8-8B4A-11D0-8D11-00A0C91BC942}") = "Lab_09_01_B", "Lab_09_01_B\Lab_09_01_B.vcxproj", "{C4574011-65D7-4FB7-A2AF-E86338CA9248}"
EndProject
Project("{8BC9CEB8-8B4A-11D0-8D11-00A0C91BC942}") = "Lab_09_02_A", "Lab_09_02_A\Lab_09_02_A.vcxproj", "{6E8EB3FD-2A8A-4420-B056-F1BDE73BED89}"
EndProject
Project("{8BC9CEB8-8B4A-11D0-8D11-00A0C91BC942}") = "Lab_09_02_B", "Lab_09_02_B\Lab_09_02_B.vcxproj", "{2D623793-0DBF-479D-AA9A-5079596496C1}"
EndProject
Project("{8BC9CEB8-8B4A-11D0-8D11-00A0C91BC942}") = "Lab_09_03", "Lab_09_03\Lab_09_03.vcxproj", "{06D697D6-FCBB-40B4-8831-CC5E6385FA0A}"
EndProject
Project("{8BC9CEB8-8B4A-11D0-8D11-00A0C91BC942}") = "UnitTest1", "UnitTest1\UnitTest1.vcxproj", "{F581DD7D-62E5-4000-BE8E-A171F04AE14E}"
EndProject
Project("{8BC9CEB8-8B4A-11D0-8D11-00A0C91BC942}") = "UnitTest2", "UnitTest2\UnitTest2.vcxproj", "{ACBE7198-75AD-4E10-9D47-EC0401B51AEC}"
EndProject
Project("{8BC9CEB8-8B4A-11D0-8D11-00A0C91BC942}") = "UnitTest3", "UnitTest3\UnitTest3.vcxproj", "{E7406F09-94F1-4336-ABA3-840B9452D9E0}"
EndProject
Project("{8BC9CEB8-8B4A-11D0-8D11-00A0C91BC942}") = "UnitTest4", "UnitTest4\UnitTest4.vcxproj", "{2C7BF6C0-42FC-4C14-A802-21ADB32E9F54}"
EndProject
Project("{8BC9CEB8-8B4A-11D0-8D11-00A0C91BC942}") = "UnitTest5", "UnitTest5\UnitTest5.vcxproj", "{BC52337B-BC66-403A-90B9-A2362BB7378C}"
EndProject
Global
	GlobalSection(SolutionConfigurationPlatforms) = preSolution
		Debug|x64 = Debug|x64
		Debug|x86 = Debug|x86
		Release|x64 = Release|x64
		Release|x86 = Release|x86
	EndGlobalSection
	GlobalSection(ProjectConfigurationPlatforms) = postSolution
		{D8E48C4F-C2F9-4954-BC98-9BE33E3B66AB}.Debug|x64.ActiveCfg = Debug|x64
		{D8E48C4F-C2F9-4954-BC98-9BE33E3B66AB}.Debug|x64.Build.0 = Debug|x64
		{D8E48C4F-C2F9-4954-BC98-9BE33E3B66AB}.Debug|x86.ActiveCfg = Debug|Win32
		{D8E48C4F-C2F9-4954-BC98-9BE33E3B66AB}.Debug|x86.Build.0 = Debug|Win32
		{D8E48C4F-C2F9-4954-BC98-9BE33E3B66AB}.Release|x64.ActiveCfg = Release|x64
		{D8E48C4F-C2F9-4954-BC98-9BE33E3B66AB}.Release|x64.Build.0 = Release|x64
		{D8E48C4F-C2F9-4954-BC98-9BE33E3B66AB}.Release|x86.ActiveCfg = Release|Win32
		{D8E48C4F-C2F9-4954-BC98-9BE33E3B66AB}.Release|x86.Build.0 = Release|Win32
		{C4574011-65D7-4FB7-A2AF-E86338CA9248}.Debug|x64.ActiveCfg = Debug|x64
		{C4574011-65D7-4FB7-A2AF-E86338CA9248}.Debug|x64.Build.0 = Debug|x64
		{C4574011-65D7-4FB7-A2AF-E86338CA9248}.Debug|x86.ActiveCfg = Debug|Win32
		{C4574011-65D7-4FB7-A2AF-E86338CA9248}.Debug|x86.Build.0 = Debug|Win32
		{C4574011-65D7-4FB7-A2AF-E86338CA9248}.Release|x64.ActiveCfg = Release|x64
		{C4574011-65D7-4FB7-A2AF-E86338CA9248}.Release|x64.Build.0 = Release|x64
		{C4574011-65D7-4FB7-A2AF-E86338CA9248}.Release|x86.ActiveCfg = Release|Win32
		{C4574011-65D7-4FB7-A2AF-E86338CA9248}.Release|x86.Build.0 = Release|Win32
		{6E8EB3FD-2A8A-4420-B056-F1BDE73BED89}.Debug|x64.ActiveCfg = Debug|x64
		{6E8EB3FD-2A8A-4420-B056-F1BDE73BED89}.Debug|x64.Build.0 = Debug|x64
		{6E8EB3FD-2A8A-4420-B056-F1BDE73BED89}.Debug|x86.ActiveCfg = Debug|Win32
		{6E8EB3FD-2A8A-4420-B056-F1BDE73BED89}.Debug|x86.Build.0 = Debug|Win32
		{6E8EB3FD-2A8A-4420-B056-F1BDE73BED89}.Release|x64.ActiveCfg = Release|x64
		{6E8EB3FD-2A8A-4420-B056-F1BDE73BED89}.Release|x64.Build.0 = Release|x64
		{6E8EB3FD-2A8A-4420-B056-F1BDE73BED89}.Release|x86.ActiveCfg = Release|Win32
		{6E8EB3FD-2A8A-4420-B056-F1BDE73BED89}.Release|x86.Build.0 = Release|Win32
		{2D623793-0DBF-479D-AA9A-5079596496C1}.Debug|x64.ActiveCfg = Debug|x64
		{2D623793-0DBF-479D-AA9A-5079596496C1}.Debug|x64.Build.0 = Debug|x64
		{2D623793-0DBF-479D-AA9A-5079596496C1}.Debug|x86.ActiveCfg = Debug|Win32
		{2D623793-0DBF-479D-AA9A-5079596496C1}.Debug|x86.Build.0 = Debug|Win32
		{2D623793-0DBF-479D-AA9A-5079596496C1}.Release|x64.ActiveCfg = Release|x64
		{2D623793-0DBF-479D-AA9A-5079596496C1}.Release|x64.Build.0 = Release|x64
		{2D623793-0DBF-479D-AA9A-5079596496C1}.Release|x86.ActiveCfg = Release|Win32
		{2D623793-0DBF-479D-AA9A-5079596496C1}.Release|x86.Build.0 = Release|Win32
		{06D697D6-FCBB-40B4-8831-CC5E6385FA0A}.Debug|x64.ActiveCfg = Debug|x64
		{06D697D6-FCBB-40B4-8831-CC5E6385FA0A}.Debug|x64.Build.0 = Debug|x64
		{06D697D6-FCBB-40B4-8831-CC5E6385FA0A}.Debug|x86.ActiveCfg = Debug|Win32
		{06D697D6-FCBB-40B4-8831-CC5E6385FA0A}.Debug|x86.Build.0 = Debug|Win32
		{06D697D6-FCBB-40B4-8831-CC5E6385FA0A}.Release|x64.ActiveCfg = Release|x64
		{06D697D6-FCBB-40B4-8831-CC5E6385FA0A}.Release|x64.Build.0 = Release|x64
		{06D697D6-FCBB-40B4-8831-CC5E6385FA0A}.Release|x86.ActiveCfg = Release|Win32
		{06D697D6-FCBB-40B4-8831-CC5E6385FA0A}.Release|x86.Build.0 = Release|Win32
		{F581DD7D-62E5-4000-BE8E-A171F04AE14E}.Debug|x64.ActiveCfg = Debug|x64
		{F581DD7D-62E5-4000-BE8E-A171F04AE14E}.Debug|x64.Build.0 = Debug|x64
		{F581DD7D-62E5-4000-BE8E-A171F04AE14E}.Debug|x86.ActiveCfg = Debug|Win32
		{F581DD7D-62E5-4000-BE8E-A171F04AE14E}.Debug|x86.Build.0 = Debug|Win32
		{F581DD7D-62E5-4000-BE8E-A171F04AE14E}.Release|x64.ActiveCfg = Release|x64
		{F581DD7D-62E5-4000-BE8E-A171F04AE14E}.Release|x64.Build.0 = Release|x64
		{F581DD7D-62E5-4000-BE8E-A171F04AE14E}.Release|x86.ActiveCfg = Release|Win32
		{F581DD7D-62E5-4000-BE8E-A171F04AE14E}.Release|x86.Build.0 = Release|Win32
		{ACBE7198-75AD-4E10-9D47-EC0401B51AEC}.Debug|x64.ActiveCfg = Debug|x64
		{ACBE7198-75AD-4E10-9D47-EC0401B51AEC}.Debug|x64.Build.0 = Debug|x64
		{ACBE7198-75AD-4E10-9D47-EC0401B51AEC}.Debug|x86.ActiveCfg = Debug|Win32
		{ACBE7198-75AD-4E10-9D47-EC0401B51AEC}.Debug|x86.Build.0 = Debug|Win32
		{ACBE7198-75AD-4E10-9D47-EC0401B51AEC}.Release|x64.ActiveCfg = Release|x64
		{ACBE7198-75AD-4E10-9D47-EC0401B51AEC}.Release|x64.Build.0 = Release|x64
		{ACBE7198-75AD-4E10-9D47-EC0401B51AEC}.Release|x86.ActiveCfg = Release|Win32
		{ACBE7198-75AD-4E10-9D47-EC0401B51AEC}.Release|x86.Build.0 = Release|Win32
		{E7406F09-94F1-4336-ABA3-840B9452D9E0}.Debug|x64.ActiveCfg = Debug|x64
		{E7406F09-94F1-4336-ABA3-840B9452D9E0}.Debug|x64.Build.0 = Debug|x64
		{E7406F09-94F1-4336-ABA3-840B9452D9E0}.Debug|x86.ActiveCfg = Debug|Win32
		{E7406F09-94F1-4336-ABA3-840B9452D9E0}.Debug|x86.Build.0 = Debug|Win32
		{E7406F09-94F1-4336-ABA3-840B9452D9E0}.Release|x64.ActiveCfg = Release|x64
		{E7406F09-94F1-4336-ABA3-840B9452D9E0}.Release|x64.Build.0 = Release|x64
		{E7406F09-94F1-4336-ABA3-840B9452D9E0}.Release|x86.ActiveCfg = Release|Win32
		{E7406F09-94F1-4336-ABA3-840B9452D9E0}.Release|x86.Build.0 = Release|Win32
		{2C7BF6C0-42FC-4C14-A802-21ADB32E9F54}.Debug|x64.ActiveCfg = Debug|x64
		{2C7BF6C0-42FC-4C14-A802-21ADB32E9F54}.Debug|x64.Build.0 = Debug|x64
		{2C7BF6C0-42FC-4C14-A802-21ADB32E9F54}.Debug|x86.ActiveCfg = Debug|Win32
		{2C7BF6C0-42FC-4C14-A802-21ADB32E9F54}.Debug|x86.Build.0 = Debug|Win32
		{2C7BF6C0-42FC-4C14-A802-21ADB32E9F54}.Release|x64.ActiveCfg = Release|x64
		{2C7BF6C0-42FC-4C14-A802-21ADB32E9F54}.Release|x64.Build.0 = Release|x64
		{2C7BF6C0-42FC-4C14-A802-21ADB32E9F54}.Release|x86.ActiveCfg = Release|Win32
		{2C7BF6C0-42FC-4C14-A802-21ADB32E9F54}.Release|x86.Build.0 = Release|Win32
		{BC52337B-BC66-403A-90B9-A2362BB7378C}.Debug|x64.ActiveCfg = Debug|x64
		{BC52337B-BC66-403A-90B9-A2362BB7378C}.Debug|x64.Build.0 = Debug|x64
		{BC52337B-BC66-403A-90B9-A2362BB7378C}.Debug|x86.ActiveCfg = Debug|Win32
		{BC52337B-BC66-403A-90B9-A2362BB7378C}.Debug|x86.Build.0 = Debug|Win32
		{BC52337B-BC66-403A-90B9-A2362BB7378C}.Release|x64.ActiveCfg = Release|x64
		{BC52337B-BC66-403A-90B9-A2362BB7378C}.Release|x64.Build.0 = Release|x64
		{BC52337B-BC66-403A-90B9-A2362BB7378C}.Release|x86.ActiveCfg = Release|Win32
		{BC52337B-BC66-403A-90B9-A2362BB7378C}.Release|x86.Build.0 = Release|Win32
	EndGlobalSection
	GlobalSection(SolutionProperties) = preSolution
		HideSolutionNode = FALSE
	EndGlobalSection
	GlobalSection(ExtensibilityGlobals) = postSolution
		SolutionGuid = {FEC181A4-B691-4C5B-9453-54CF2B856E70}
	EndGlobalSection
EndGlobal
